
Microsoft Visual Studio Solution File, Format Version 12.00
# Visual Studio Version 16
VisualStudioVersion = 16.0.29102.190
MinimumVisualStudioVersion = 10.0.40219.1
Project("{FAE04EC0-301F-11D3-BF4B-00C04F79EFBC}") = "JointPPT", "JointPPT\JointPPT.csproj", "{9BD95FD8-C9C7-4003-A74C-C05E34C3CC12}"
EndProject
Global
	GlobalSection(SolutionConfigurationPlatforms) = preSolution
		Debug|Any CPU = Debug|Any CPU
		Release|Any CPU = Release|Any CPU
	EndGlobalSection
	GlobalSection(ProjectConfigurationPlatforms) = postSolution
		{9BD95FD8-C9C7-4003-A74C-C05E34C3CC12}.Debug|Any CPU.ActiveCfg = Release|Any CPU
		{9BD95FD8-C9C7-4003-A74C-C05E34C3CC12}.Debug|Any CPU.Build.0 = Release|Any CPU
		{9BD95FD8-C9C7-4003-A74C-C05E34C3CC12}.Release|Any CPU.ActiveCfg = Release|Any CPU
		{9BD95FD8-C9C7-4003-A74C-C05E34C3CC12}.Release|Any CPU.Build.0 = Release|Any CPU
	EndGlobalSection
	GlobalSection(SolutionProperties) = preSolution
		HideSolutionNode = FALSE
	EndGlobalSection
	GlobalSection(ExtensibilityGlobals) = postSolution
		SolutionGuid = {F9C7E4C2-2960-4C04-B4AF-7BBA2525DE08}
	EndGlobalSection
EndGlobal
